
Microsoft Visual Studio Solution File, Format Version 12.00
# Visual Studio Version 17
VisualStudioVersion = 17.4.33213.308
MinimumVisualStudioVersion = 10.0.40219.1
Project("{FAE04EC0-301F-11D3-BF4B-00C04F79EFBC}") = "Deliverable_3", "Deliverable_3\Deliverable_3.csproj", "{0D305344-039F-46ED-B04C-981C3E2E2671}"
EndProject
Global
	GlobalSection(SolutionConfigurationPlatforms) = preSolution
		Debug|Any CPU = Debug|Any CPU
		Release|Any CPU = Release|Any CPU
	EndGlobalSection
	GlobalSection(ProjectConfigurationPlatforms) = postSolution
		{0D305344-039F-46ED-B04C-981C3E2E2671}.Debug|Any CPU.ActiveCfg = Debug|Any CPU
		{0D305344-039F-46ED-B04C-981C3E2E2671}.Debug|Any CPU.Build.0 = Debug|Any CPU
		{0D305344-039F-46ED-B04C-981C3E2E2671}.Release|Any CPU.ActiveCfg = Release|Any CPU
		{0D305344-039F-46ED-B04C-981C3E2E2671}.Release|Any CPU.Build.0 = Release|Any CPU
	EndGlobalSection
	GlobalSection(SolutionProperties) = preSolution
		HideSolutionNode = FALSE
	EndGlobalSection
	GlobalSection(ExtensibilityGlobals) = postSolution
		SolutionGuid = {E566DBC6-D569-47B2-8F9E-8EE9820B5092}
	EndGlobalSection
EndGlobal
